{
  "originHash" : "c27e36fd5d0f32965e3f510965f53dff9ee10698a5bc627d6382a213e7f1d27b",
  "pins" : [
    {
      "identity" : "swift-markdown-engine",
      "kind" : "remoteSourceControl",
      "location" : "https://github.com/bhekanik/swift-markdown-engine",
      "state" : {
        "revision" : "5fd928683c7846fa0e99ae1af3415ab82b360936"
      }
    }
  ],
  "version" : 3
}
