{
  "originHash" : "2dd33c1a4699348d03fa370fcd4f9ac1b51c4eb260194dc9ad21df1e7c0e8f8f",
  "pins" : [
    {
      "identity" : "swift-markdown-engine",
      "kind" : "remoteSourceControl",
      "location" : "https://github.com/bhekanik/swift-markdown-engine",
      "state" : {
        "revision" : "c4d9c97c70cc7027918f0e551e37add94f5b2224"
      }
    }
  ],
  "version" : 3
}
