{
  "originHash" : "cec5795a7a09eb9d02b9ad9f3a8f80bb0386ebd1e7cd673dc500ffb5aca74ea4",
  "pins" : [
    {
      "identity" : "clerk-ios",
      "kind" : "remoteSourceControl",
      "location" : "https://github.com/clerk/clerk-ios.git",
      "state" : {
        "revision" : "1b58165de0b6519ed3fb226f41763b354bca95d5",
        "version" : "1.5.1"
      }
    },
    {
      "identity" : "convex-swift",
      "kind" : "remoteSourceControl",
      "location" : "https://github.com/get-convex/convex-swift.git",
      "state" : {
        "revision" : "125b71b2f8725931a5b0e8252f0799ef2adad120",
        "version" : "0.8.1"
      }
    },
    {
      "identity" : "grdb.swift",
      "kind" : "remoteSourceControl",
      "location" : "https://github.com/groue/GRDB.swift.git",
      "state" : {
        "revision" : "b83108d10f42680d78f23fe4d4d80fc88dab3212",
        "version" : "7.11.1"
      }
    },
    {
      "identity" : "highlighterswift",
      "kind" : "remoteSourceControl",
      "location" : "https://github.com/smittytone/HighlighterSwift",
      "state" : {
        "revision" : "fe7aae9c9b31d3b296fd3d2dd575e1a207bb29e0",
        "version" : "3.1.0"
      }
    },
    {
      "identity" : "nuke",
      "kind" : "remoteSourceControl",
      "location" : "https://github.com/kean/Nuke.git",
      "state" : {
        "revision" : "30f7a7e72e0607d304fbf69c799474bd5fb6d1ce",
        "version" : "13.2.0"
      }
    },
    {
      "identity" : "phonenumberkit",
      "kind" : "remoteSourceControl",
      "location" : "https://github.com/PhoneNumberKit/PhoneNumberKit",
      "state" : {
        "revision" : "cf2f1df6f2fe8b49701f4b43f0e97c7bd113d034",
        "version" : "5.0.8"
      }
    },
    {
      "identity" : "swift-markdown-engine",
      "kind" : "remoteSourceControl",
      "location" : "https://github.com/bhekanik/swift-markdown-engine",
      "state" : {
        "revision" : "2a660c9c20e440f44ae568bd9bad0c79d631d080"
      }
    }
  ],
  "version" : 3
}
